// !$*UTF8*$!
{
	archiveVersion = 1;
	classes = {
	};
	objectVersion = 46;
	objects = {

/* Begin PBXBuildFile section */
		8120FB791EF244D100F5FE74 /* AppDelegate.swift in Sources */ = {isa = PBXBuildFile; fileRef = 8120FB781EF244D100F5FE74 /* AppDelegate.swift */; };
		8120FB7B1EF244D100F5FE74 /* ViewController.swift in Sources */ = {isa = PBXBuildFile; fileRef = 8120FB7A1EF244D100F5FE74 /* ViewController.swift */; };
		8120FB7E1EF244D100F5FE74 /* Main.storyboard in Resources */ = {isa = PBXBuildFile; fileRef = 8120FB7C1EF244D100F5FE74 /* Main.storyboard */; };
		8120FB811EF244D100F5FE74 /* superMathematician.xcdatamodeld in Sources */ = {isa = PBXBuildFile; fileRef = 8120FB7F1EF244D100F5FE74 /* superMathematician.xcdatamodeld */; };
		8120FB831EF244D100F5FE74 /* Assets.xcassets in Resources */ = {isa = PBXBuildFile; fileRef = 8120FB821EF244D100F5FE74 /* Assets.xcassets */; };
		8120FB861EF244D100F5FE74 /* LaunchScreen.storyboard in Resources */ = {isa = PBXBuildFile; fileRef = 8120FB841EF244D100F5FE74 /* LaunchScreen.storyboard */; };
		8120FB911EF244D100F5FE74 /* superMathematicianTests.swift in Sources */ = {isa = PBXBuildFile; fileRef = 8120FB901EF244D100F5FE74 /* superMathematicianTests.swift */; };
		8120FB9C1EF244D100F5FE74 /* superMathematicianUITests.swift in Sources */ = {isa = PBXBuildFile; fileRef = 8120FB9B1EF244D100F5FE74 /* superMathematicianUITests.swift */; };
		8120FBAA1EF26EE500F5FE74 /* mainView.swift in Sources */ = {isa = PBXBuildFile; fileRef = 8120FBA91EF26EE500F5FE74 /* mainView.swift */; };
		8120FBAC1EF26F4E00F5FE74 /* highscoresView.swift in Sources */ = {isa = PBXBuildFile; fileRef = 8120FBAB1EF26F4E00F5FE74 /* highscoresView.swift */; };
/* End PBXBuildFile section */

/* Begin PBXContainerItemProxy section */
		8120FB8D1EF244D100F5FE74 /* PBXContainerItemProxy */ = {
			isa = PBXContainerItemProxy;
			containerPortal = 8120FB6D1EF244D100F5FE74 /* Project object */;
			proxyType = 1;
			remoteGlobalIDString = 8120FB741EF244D100F5FE74;
			remoteInfo = superMathematician;
		};
		8120FB981EF244D100F5FE74 /* PBXContainerItemProxy */ = {
			isa = PBXContainerItemProxy;
			containerPortal = 8120FB6D1EF244D100F5FE74 /* Project object */;
			proxyType = 1;
			remoteGlobalIDString = 8120FB741EF244D100F5FE74;
			remoteInfo = superMathematician;
		};
/* End PBXContainerItemProxy section */

/* Begin PBXFileReference section */
		8120FB751EF244D100F5FE74 /* superMathematician.app */ = {isa = PBXFileReference; explicitFileType = wrapper.application; includeInIndex = 0; path = superMathematician.app; sourceTree = BUILT_PRODUCTS_DIR; };
		8120FB781EF244D100F5FE74 /* AppDelegate.swift */ = {isa = PBXFileReference; lastKnownFileType = sourcecode.swift; path = AppDelegate.swift; sourceTree = "<group>"; };
		8120FB7A1EF244D100F5FE74 /* ViewController.swift */ = {isa = PBXFileReference; lastKnownFileType = sourcecode.swift; path = ViewController.swift; sourceTree = "<group>"; };
		8120FB7D1EF244D100F5FE74 /* Base */ = {isa = PBXFileReference; lastKnownFileType = file.storyboard; name = Base; path = Base.lproj/Main.storyboard; sourceTree = "<group>"; };
		8120FB801EF244D100F5FE74 /* superMathematician.xcdatamodel */ = {isa = PBXFileReference; lastKnownFileType = wrapper.xcdatamodel; path = superMathematician.xcdatamodel; sourceTree = "<group>"; };
		8120FB821EF244D100F5FE74 /* Assets.xcassets */ = {isa = PBXFileReference; lastKnownFileType = folder.assetcatalog; path = Assets.xcassets; sourceTree = "<group>"; };
		8120FB851EF244D100F5FE74 /* Base */ = {isa = PBXFileReference; lastKnownFileType = file.storyboard; name = Base; path = Base.lproj/LaunchScreen.storyboard; sourceTree = "<group>"; };
		8120FB871EF244D100F5FE74 /* Info.plist */ = {isa = PBXFileReference; lastKnownFileType = text.plist.xml; path = Info.plist; sourceTree = "<group>"; };
		8120FB8C1EF244D100F5FE74 /* superMathematicianTests.xctest */ = {isa = PBXFileReference; explicitFileType = wrapper.cfbundle; includeInIndex = 0; path = superMathematicianTests.xctest; sourceTree = BUILT_PRODUCTS_DIR; };
		8120FB901EF244D100F5FE74 /* superMathematicianTests.swift */ = {isa = PBXFileReference; lastKnownFileType = sourcecode.swift; path = superMathematicianTests.swift; sourceTree = "<group>"; };
		8120FB921EF244D100F5FE74 /* Info.plist */ = {isa = PBXFileReference; lastKnownFileType = text.plist.xml; path = Info.plist; sourceTree = "<group>"; };
		8120FB971EF244D100F5FE74 /* superMathematicianUITests.xctest */ = {isa = PBXFileReference; explicitFileType = wrapper.cfbundle; includeInIndex = 0; path = superMathematicianUITests.xctest; sourceTree = BUILT_PRODUCTS_DIR; };
		8120FB9B1EF244D100F5FE74 /* superMathematicianUITests.swift */ = {isa = PBXFileReference; lastKnownFileType = sourcecode.swift; path = superMathematicianUITests.swift; sourceTree = "<group>"; };
		8120FB9D1EF244D100F5FE74 /* Info.plist */ = {isa = PBXFileReference; lastKnownFileType = text.plist.xml; path = Info.plist; sourceTree = "<group>"; };
		8120FBA91EF26EE500F5FE74 /* mainView.swift */ = {isa = PBXFileReference; fileEncoding = 4; lastKnownFileType = sourcecode.swift; path = mainView.swift; sourceTree = "<group>"; };
		8120FBAB1EF26F4E00F5FE74 /* highscoresView.swift */ = {isa = PBXFileReference; fileEncoding = 4; lastKnownFileType = sourcecode.swift; path = highscoresView.swift; sourceTree = "<group>"; };
/* End PBXFileReference section */

/* Begin PBXFrameworksBuildPhase section */
		8120FB721EF244D100F5FE74 /* Frameworks */ = {
			isa = PBXFrameworksBuildPhase;
			buildActionMask = 2147483647;
			files = (
			);
			runOnlyForDeploymentPostprocessing = 0;
		};
		8120FB891EF244D100F5FE74 /* Frameworks */ = {
			isa = PBXFrameworksBuildPhase;
			buildActionMask = 2147483647;
			files = (
			);
			runOnlyForDeploymentPostprocessing = 0;
		};
		8120FB941EF244D100F5FE74 /* Frameworks */ = {
			isa = PBXFrameworksBuildPhase;
			buildActionMask = 2147483647;
			files = (
			);
			runOnlyForDeploymentPostprocessing = 0;
		};
/* End PBXFrameworksBuildPhase section */

/* Begin PBXGroup section */
		8120FB6C1EF244D100F5FE74 = {
			isa = PBXGroup;
			children = (
				8120FB771EF244D100F5FE74 /* superMathematician */,
				8120FB8F1EF244D100F5FE74 /* superMathematicianTests */,
				8120FB9A1EF244D100F5FE74 /* superMathematicianUITests */,
				8120FB761EF244D100F5FE74 /* Products */,
			);
			sourceTree = "<group>";
		};
		8120FB761EF244D100F5FE74 /* Products */ = {
			isa = PBXGroup;
			children = (
				8120FB751EF244D100F5FE74 /* superMathematician.app */,
				8120FB8C1EF244D100F5FE74 /* superMathematicianTests.xctest */,
				8120FB971EF244D100F5FE74 /* superMathematicianUITests.xctest */,
			);
			name = Products;
			sourceTree = "<group>";
		};
		8120FB771EF244D100F5FE74 /* superMathematician */ = {
			isa = PBXGroup;
			children = (
				8120FB781EF244D100F5FE74 /* AppDelegate.swift */,
				8120FB7A1EF244D100F5FE74 /* ViewController.swift */,
				8120FB7C1EF244D100F5FE74 /* Main.storyboard */,
				8120FBA91EF26EE500F5FE74 /* mainView.swift */,
				8120FBAB1EF26F4E00F5FE74 /* highscoresView.swift */,
				8120FB821EF244D100F5FE74 /* Assets.xcassets */,
				8120FB841EF244D100F5FE74 /* LaunchScreen.storyboard */,
				8120FB871EF244D100F5FE74 /* Info.plist */,
				8120FB7F1EF244D100F5FE74 /* superMathematician.xcdatamodeld */,
			);
			path = superMathematician;
			sourceTree = "<group>";
		};
		8120FB8F1EF244D100F5FE74 /* superMathematicianTests */ = {
			isa = PBXGroup;
			children = (
				8120FB901EF244D100F5FE74 /* superMathematicianTests.swift */,
				8120FB921EF244D100F5FE74 /* Info.plist */,
			);
			path = superMathematicianTests;
			sourceTree = "<group>";
		};
		8120FB9A1EF244D100F5FE74 /* superMathematicianUITests */ = {
			isa = PBXGroup;
			children = (
				8120FB9B1EF244D100F5FE74 /* superMathematicianUITests.swift */,
				8120FB9D1EF244D100F5FE74 /* Info.plist */,
			);
			path = superMathematicianUITests;
			sourceTree = "<group>";
		};
/* End PBXGroup section */

/* Begin PBXNativeTarget section */
		8120FB741EF244D100F5FE74 /* superMathematician */ = {
			isa = PBXNativeTarget;
			buildConfigurationList = 8120FBA01EF244D100F5FE74 /* Build configuration list for PBXNativeTarget "superMathematician" */;
			buildPhases = (
				8120FB711EF244D100F5FE74 /* Sources */,
				8120FB721EF244D100F5FE74 /* Frameworks */,
				8120FB731EF244D100F5FE74 /* Resources */,
			);
			buildRules = (
			);
			dependencies = (
			);
			name = superMathematician;
			productName = superMathematician;
			productReference = 8120FB751EF244D100F5FE74 /* superMathematician.app */;
			productType = "com.apple.product-type.application";
		};
		8120FB8B1EF244D100F5FE74 /* superMathematicianTests */ = {
			isa = PBXNativeTarget;
			buildConfigurationList = 8120FBA31EF244D100F5FE74 /* Build configuration list for PBXNativeTarget "superMathematicianTests" */;
			buildPhases = (
				8120FB881EF244D100F5FE74 /* Sources */,
				8120FB891EF244D100F5FE74 /* Frameworks */,
				8120FB8A1EF244D100F5FE74 /* Resources */,
			);
			buildRules = (
			);
			dependencies = (
				8120FB8E1EF244D100F5FE74 /* PBXTargetDependency */,
			);
			name = superMathematicianTests;
			productName = superMathematicianTests;
			productReference = 8120FB8C1EF244D100F5FE74 /* superMathematicianTests.xctest */;
			productType = "com.apple.product-type.bundle.unit-test";
		};
		8120FB961EF244D100F5FE74 /* superMathematicianUITests */ = {
			isa = PBXNativeTarget;
			buildConfigurationList = 8120FBA61EF244D100F5FE74 /* Build configuration list for PBXNativeTarget "superMathematicianUITests" */;
			buildPhases = (
				8120FB931EF244D100F5FE74 /* Sources */,
				8120FB941EF244D100F5FE74 /* Frameworks */,
				8120FB951EF244D100F5FE74 /* Resources */,
			);
			buildRules = (
			);
			dependencies = (
				8120FB991EF244D100F5FE74 /* PBXTargetDependency */,
			);
			name = superMathematicianUITests;
			productName = superMathematicianUITests;
			productReference = 8120FB971EF244D100F5FE74 /* superMathematicianUITests.xctest */;
			productType = "com.apple.product-type.bundle.ui-testing";
		};
/* End PBXNativeTarget section */

/* Begin PBXProject section */
		8120FB6D1EF244D100F5FE74 /* Project object */ = {
			isa = PBXProject;
			attributes = {
				LastSwiftUpdateCheck = 0830;
				LastUpgradeCheck = 0830;
				ORGANIZATIONNAME = "Galym Anuarbek";
				TargetAttributes = {
					8120FB741EF244D100F5FE74 = {
						CreatedOnToolsVersion = 8.3.3;
						ProvisioningStyle = Automatic;
					};
					8120FB8B1EF244D100F5FE74 = {
						CreatedOnToolsVersion = 8.3.3;
						ProvisioningStyle = Automatic;
						TestTargetID = 8120FB741EF244D100F5FE74;
					};
					8120FB961EF244D100F5FE74 = {
						CreatedOnToolsVersion = 8.3.3;
						ProvisioningStyle = Automatic;
						TestTargetID = 8120FB741EF244D100F5FE74;
					};
				};
			};
			buildConfigurationList = 8120FB701EF244D100F5FE74 /* Build configuration list for PBXProject "superMathematician" */;
			compatibilityVersion = "Xcode 3.2";
			developmentRegion = English;
			hasScannedForEncodings = 0;
			knownRegions = (
				en,
				Base,
			);
			mainGroup = 8120FB6C1EF244D100F5FE74;
			productRefGroup = 8120FB761EF244D100F5FE74 /* Products */;
			projectDirPath = "";
			projectRoot = "";
			targets = (
				8120FB741EF244D100F5FE74 /* superMathematician */,
				8120FB8B1EF244D100F5FE74 /* superMathematicianTests */,
				8120FB961EF244D100F5FE74 /* superMathematicianUITests */,
			);
		};
/* End PBXProject section */

/* Begin PBXResourcesBuildPhase section */
		8120FB731EF244D100F5FE74 /* Resources */ = {
			isa = PBXResourcesBuildPhase;
			buildActionMask = 2147483647;
			files = (
				8120FB861EF244D100F5FE74 /* LaunchScreen.storyboard in Resources */,
				8120FB831EF244D100F5FE74 /* Assets.xcassets in Resources */,
				8120FB7E1EF244D100F5FE74 /* Main.storyboard in Resources */,
			);
			runOnlyForDeploymentPostprocessing = 0;
		};
		8120FB8A1EF244D100F5FE74 /* Resources */ = {
			isa = PBXResourcesBuildPhase;
			buildActionMask = 2147483647;
			files = (
			);
			runOnlyForDeploymentPostprocessing = 0;
		};
		8120FB951EF244D100F5FE74 /* Resources */ = {
			isa = PBXResourcesBuildPhase;
			buildActionMask = 2147483647;
			files = (
			);
			runOnlyForDeploymentPostprocessing = 0;
		};
/* End PBXResourcesBuildPhase section */

/* Begin PBXSourcesBuildPhase section */
		8120FB711EF244D100F5FE74 /* Sources */ = {
			isa = PBXSourcesBuildPhase;
			buildActionMask = 2147483647;
			files = (
				8120FB7B1EF244D100F5FE74 /* ViewController.swift in Sources */,
				8120FBAA1EF26EE500F5FE74 /* mainView.swift in Sources */,
				8120FBAC1EF26F4E00F5FE74 /* highscoresView.swift in Sources */,
				8120FB791EF244D100F5FE74 /* AppDelegate.swift in Sources */,
				8120FB811EF244D100F5FE74 /* superMathematician.xcdatamodeld in Sources */,
			);
			runOnlyForDeploymentPostprocessing = 0;
		};
		8120FB881EF244D100F5FE74 /* Sources */ = {
			isa = PBXSourcesBuildPhase;
			buildActionMask = 2147483647;
			files = (
				8120FB911EF244D100F5FE74 /* superMathematicianTests.swift in Sources */,
			);
			runOnlyForDeploymentPostprocessing = 0;
		};
		8120FB931EF244D100F5FE74 /* Sources */ = {
			isa = PBXSourcesBuildPhase;
			buildActionMask = 2147483647;
			files = (
				8120FB9C1EF244D100F5FE74 /* superMathematicianUITests.swift in Sources */,
			);
			runOnlyForDeploymentPostprocessing = 0;
		};
/* End PBXSourcesBuildPhase section */

/* Begin PBXTargetDependency section */
		8120FB8E1EF244D100F5FE74 /* PBXTargetDependency */ = {
			isa = PBXTargetDependency;
			target = 8120FB741EF244D100F5FE74 /* superMathematician */;
			targetProxy = 8120FB8D1EF244D100F5FE74 /* PBXContainerItemProxy */;
		};
		8120FB991EF244D100F5FE74 /* PBXTargetDependency */ = {
			isa = PBXTargetDependency;
			target = 8120FB741EF244D100F5FE74 /* superMathematician */;
			targetProxy = 8120FB981EF244D100F5FE74 /* PBXContainerItemProxy */;
		};
/* End PBXTargetDependency section */

/* Begin PBXVariantGroup section */
		8120FB7C1EF244D100F5FE74 /* Main.storyboard */ = {
			isa = PBXVariantGroup;
			children = (
				8120FB7D1EF244D100F5FE74 /* Base */,
			);
			name = Main.storyboard;
			sourceTree = "<group>";
		};
		8120FB841EF244D100F5FE74 /* LaunchScreen.storyboard */ = {
			isa = PBXVariantGroup;
			children = (
				8120FB851EF244D100F5FE74 /* Base */,
			);
			name = LaunchScreen.storyboard;
			sourceTree = "<group>";
		};
/* End PBXVariantGroup section */

/* Begin XCBuildConfiguration section */
		8120FB9E1EF244D100F5FE74 /* Debug */ = {
			isa = XCBuildConfiguration;
			buildSettings = {
				ALWAYS_SEARCH_USER_PATHS = NO;
				CLANG_ANALYZER_NONNULL = YES;
				CLANG_ANALYZER_NUMBER_OBJECT_CONVERSION = YES_AGGRESSIVE;
				CLANG_CXX_LANGUAGE_STANDARD = "gnu++0x";
				CLANG_CXX_LIBRARY = "libc++";
				CLANG_ENABLE_MODULES = YES;
				CLANG_ENABLE_OBJC_ARC = YES;
				CLANG_WARN_BOOL_CONVERSION = YES;
				CLANG_WARN_CONSTANT_CONVERSION = YES;
				CLANG_WARN_DIRECT_OBJC_ISA_USAGE = YES_ERROR;
				CLANG_WARN_DOCUMENTATION_COMMENTS = YES;
				CLANG_WARN_EMPTY_BODY = YES;
				CLANG_WARN_ENUM_CONVERSION = YES;
				CLANG_WARN_INFINITE_RECURSION = YES;
				CLANG_WARN_INT_CONVERSION = YES;
				CLANG_WARN_OBJC_ROOT_CLASS = YES_ERROR;
				CLANG_WARN_SUSPICIOUS_MOVE = YES;
				CLANG_WARN_UNREACHABLE_CODE = YES;
				CLANG_WARN__DUPLICATE_METHOD_MATCH = YES;
				"CODE_SIGN_IDENTITY[sdk=iphoneos*]" = "iPhone Developer";
				COPY_PHASE_STRIP = NO;
				DEBUG_INFORMATION_FORMAT = dwarf;
				ENABLE_STRICT_OBJC_MSGSEND = YES;
				ENABLE_TESTABILITY = YES;
				GCC_C_LANGUAGE_STANDARD = gnu99;
				GCC_DYNAMIC_NO_PIC = NO;
				GCC_NO_COMMON_BLOCKS = YES;
				GCC_OPTIMIZATION_LEVEL = 0;
				GCC_PREPROCESSOR_DEFINITIONS = (
					"DEBUG=1",
					"$(inherited)",
				);
				GCC_WARN_64_TO_32_BIT_CONVERSION = YES;
				GCC_WARN_ABOUT_RETURN_TYPE = YES_ERROR;
				GCC_WARN_UNDECLARED_SELECTOR = YES;
				GCC_WARN_UNINITIALIZED_AUTOS = YES_AGGRESSIVE;
				GCC_WARN_UNUSED_FUNCTION = YES;
				GCC_WARN_UNUSED_VARIABLE = YES;
				IPHONEOS_DEPLOYMENT_TARGET = 10.3;
				MTL_ENABLE_DEBUG_INFO = YES;
				ONLY_ACTIVE_ARCH = YES;
				SDKROOT = iphoneos;
				SWIFT_ACTIVE_COMPILATION_CONDITIONS = DEBUG;
				SWIFT_OPTIMIZATION_LEVEL = "-Onone";
				TARGETED_DEVICE_FAMILY = "1,2";
			};
			name = Debug;
		};
		8120FB9F1EF244D100F5FE74 /* Release */ = {
			isa = XCBuildConfiguration;
			buildSettings = {
				ALWAYS_SEARCH_USER_PATHS = NO;
				CLANG_ANALYZER_NONNULL = YES;
				CLANG_ANALYZER_NUMBER_OBJECT_CONVERSION = YES_AGGRESSIVE;
				CLANG_CXX_LANGUAGE_STANDARD = "gnu++0x";
				CLANG_CXX_LIBRARY = "libc++";
				CLANG_ENABLE_MODULES = YES;
				CLANG_ENABLE_OBJC_ARC = YES;
				CLANG_WARN_BOOL_CONVERSION = YES;
				CLANG_WARN_CONSTANT_CONVERSION = YES;
				CLANG_WARN_DIRECT_OBJC_ISA_USAGE = YES_ERROR;
				CLANG_WARN_DOCUMENTATION_COMMENTS = YES;
				CLANG_WARN_EMPTY_BODY = YES;
				CLANG_WARN_ENUM_CONVERSION = YES;
				CLANG_WARN_INFINITE_RECURSION = YES;
				CLANG_WARN_INT_CONVERSION = YES;
				CLANG_WARN_OBJC_ROOT_CLASS = YES_ERROR;
				CLANG_WARN_SUSPICIOUS_MOVE = YES;
				CLANG_WARN_UNREACHABLE_CODE = YES;
				CLANG_WARN__DUPLICATE_METHOD_MATCH = YES;
				"CODE_SIGN_IDENTITY[sdk=iphoneos*]" = "iPhone Developer";
				COPY_PHASE_STRIP = NO;
				DEBUG_INFORMATION_FORMAT = "dwarf-with-dsym";
				ENABLE_NS_ASSERTIONS = NO;
				ENABLE_STRICT_OBJC_MSGSEND = YES;
				GCC_C_LANGUAGE_STANDARD = gnu99;
				GCC_NO_COMMON_BLOCKS = YES;
				GCC_WARN_64_TO_32_BIT_CONVERSION = YES;
				GCC_WARN_ABOUT_RETURN_TYPE = YES_ERROR;
				GCC_WARN_UNDECLARED_SELECTOR = YES;
				GCC_WARN_UNINITIALIZED_AUTOS = YES_AGGRESSIVE;
				GCC_WARN_UNUSED_FUNCTION = YES;
				GCC_WARN_UNUSED_VARIABLE = YES;
				IPHONEOS_DEPLOYMENT_TARGET = 10.3;
				MTL_ENABLE_DEBUG_INFO = NO;
				SDKROOT = iphoneos;
				SWIFT_OPTIMIZATION_LEVEL = "-Owholemodule";
				TARGETED_DEVICE_FAMILY = "1,2";
				VALIDATE_PRODUCT = YES;
			};
			name = Release;
		};
		8120FBA11EF244D100F5FE74 /* Debug */ = {
			isa = XCBuildConfiguration;
			buildSettings = {
				ASSETCATALOG_COMPILER_APPICON_NAME = AppIcon;
				INFOPLIST_FILE = superMathematician/Info.plist;
				LD_RUNPATH_SEARCH_PATHS = "$(inherited) @executable_path/Frameworks";
				PRODUCT_BUNDLE_IDENTIFIER = galymanuarbek.superMathematician;
				PRODUCT_NAME = "$(TARGET_NAME)";
				SWIFT_VERSION = 3.0;
			};
			name = Debug;
		};
		8120FBA21EF244D100F5FE74 /* Release */ = {
			isa = XCBuildConfiguration;
			buildSettings = {
				ASSETCATALOG_COMPILER_APPICON_NAME = AppIcon;
				INFOPLIST_FILE = superMathematician/Info.plist;
				LD_RUNPATH_SEARCH_PATHS = "$(inherited) @executable_path/Frameworks";
				PRODUCT_BUNDLE_IDENTIFIER = galymanuarbek.superMathematician;
				PRODUCT_NAME = "$(TARGET_NAME)";
				SWIFT_VERSION = 3.0;
			};
			name = Release;
		};
		8120FBA41EF244D100F5FE74 /* Debug */ = {
			isa = XCBuildConfiguration;
			buildSettings = {
				ALWAYS_EMBED_SWIFT_STANDARD_LIBRARIES = YES;
				BUNDLE_LOADER = "$(TEST_HOST)";
				INFOPLIST_FILE = superMathematicianTests/Info.plist;
				LD_RUNPATH_SEARCH_PATHS = "$(inherited) @executable_path/Frameworks @loader_path/Frameworks";
				PRODUCT_BUNDLE_IDENTIFIER = galymanuarbek.superMathematicianTests;
				PRODUCT_NAME = "$(TARGET_NAME)";
				SWIFT_VERSION = 3.0;
				TEST_HOST = "$(BUILT_PRODUCTS_DIR)/superMathematician.app/superMathematician";
			};
			name = Debug;
		};
		8120FBA51EF244D100F5FE74 /* Release */ = {
			isa = XCBuildConfiguration;
			buildSettings = {
				ALWAYS_EMBED_SWIFT_STANDARD_LIBRARIES = YES;
				BUNDLE_LOADER = "$(TEST_HOST)";
				INFOPLIST_FILE = superMathematicianTests/Info.plist;
				LD_RUNPATH_SEARCH_PATHS = "$(inherited) @executable_path/Frameworks @loader_path/Frameworks";
				PRODUCT_BUNDLE_IDENTIFIER = galymanuarbek.superMathematicianTests;
				PRODUCT_NAME = "$(TARGET_NAME)";
				SWIFT_VERSION = 3.0;
				TEST_HOST = "$(BUILT_PRODUCTS_DIR)/superMathematician.app/superMathematician";
			};
			name = Release;
		};
		8120FBA71EF244D100F5FE74 /* Debug */ = {
			isa = XCBuildConfiguration;
			buildSettings = {
				ALWAYS_EMBED_SWIFT_STANDARD_LIBRARIES = YES;
				INFOPLIST_FILE = superMathematicianUITests/Info.plist;
				LD_RUNPATH_SEARCH_PATHS = "$(inherited) @executable_path/Frameworks @loader_path/Frameworks";
				PRODUCT_BUNDLE_IDENTIFIER = galymanuarbek.superMathematicianUITests;
				PRODUCT_NAME = "$(TARGET_NAME)";
				SWIFT_VERSION = 3.0;
				TEST_TARGET_NAME = superMathematician;
			};
			name = Debug;
		};
		8120FBA81EF244D100F5FE74 /* Release */ = {
			isa = XCBuildConfiguration;
			buildSettings = {
				ALWAYS_EMBED_SWIFT_STANDARD_LIBRARIES = YES;
				INFOPLIST_FILE = superMathematicianUITests/Info.plist;
				LD_RUNPATH_SEARCH_PATHS = "$(inherited) @executable_path/Frameworks @loader_path/Frameworks";
				PRODUCT_BUNDLE_IDENTIFIER = galymanuarbek.superMathematicianUITests;
				PRODUCT_NAME = "$(TARGET_NAME)";
				SWIFT_VERSION = 3.0;
				TEST_TARGET_NAME = superMathematician;
			};
			name = Release;
		};
/* End XCBuildConfiguration section */

/* Begin XCConfigurationList section */
		8120FB701EF244D100F5FE74 /* Build configuration list for PBXProject "superMathematician" */ = {
			isa = XCConfigurationList;
			buildConfigurations = (
				8120FB9E1EF244D100F5FE74 /* Debug */,
				8120FB9F1EF244D100F5FE74 /* Release */,
			);
			defaultConfigurationIsVisible = 0;
			defaultConfigurationName = Release;
		};
		8120FBA01EF244D100F5FE74 /* Build configuration list for PBXNativeTarget "superMathematician" */ = {
			isa = XCConfigurationList;
			buildConfigurations = (
				8120FBA11EF244D100F5FE74 /* Debug */,
				8120FBA21EF244D100F5FE74 /* Release */,
			);
			defaultConfigurationIsVisible = 0;
		};
		8120FBA31EF244D100F5FE74 /* Build configuration list for PBXNativeTarget "superMathematicianTests" */ = {
			isa = XCConfigurationList;
			buildConfigurations = (
				8120FBA41EF244D100F5FE74 /* Debug */,
				8120FBA51EF244D100F5FE74 /* Release */,
			);
			defaultConfigurationIsVisible = 0;
		};
		8120FBA61EF244D100F5FE74 /* Build configuration list for PBXNativeTarget "superMathematicianUITests" */ = {
			isa = XCConfigurationList;
			buildConfigurations = (
				8120FBA71EF244D100F5FE74 /* Debug */,
				8120FBA81EF244D100F5FE74 /* Release */,
			);
			defaultConfigurationIsVisible = 0;
		};
/* End XCConfigurationList section */

/* Begin XCVersionGroup section */
		8120FB7F1EF244D100F5FE74 /* superMathematician.xcdatamodeld */ = {
			isa = XCVersionGroup;
			children = (
				8120FB801EF244D100F5FE74 /* superMathematician.xcdatamodel */,
			);
			currentVersion = 8120FB801EF244D100F5FE74 /* superMathematician.xcdatamodel */;
			path = superMathematician.xcdatamodeld;
			sourceTree = "<group>";
			versionGroupType = wrapper.xcdatamodel;
		};
/* End XCVersionGroup section */
	};
	rootObject = 8120FB6D1EF244D100F5FE74 /* Project object */;
}
